github.com/davecgh/go-spew v1.1.1 h1:vj9j/u1bqnvCEfJOwUhtlOARqs3+rkHYY13jYWTU97c=
github.com/davecgh/go-spew v1.1.1/go.mod h1:J7Y8YcW2NihsgmVo/mv3lAwl/skON4iLHjSsI+c5H38=
github.com/hashicorp/golang-lru v0.5.4 h1:YDjusn29QI/Das2iO9M0BHnIbxPeyuCHsjMW+lJfyTc=
github.com/hashicorp/golang-lru v0.5.4/go.mod h1:iADmTwqILo4mZ8BN3D2Q6+9jd8WM5uGBxy+E8yxSoD4=
github.com/projectdiscovery/expirablelru v1.0.0 h1:qT7q3ulzghYoNIRz7U9aRGOG13DPJ9QQ2VzBriBBUCU=
github.com/projectdiscovery/expirablelru v1.0.0/go.mod h1:/wYO1gF4wGR9d+ydfe4nTHtzGcEXTj4GFZ42I3wt8qw=
